{
  "version": "4",
  "remote": {
    "https://deno.land/x/docopt@v1.0.7/mod.ts": "e3268e295d402259afaebfca30b300788ef4a40a6b3dc442619374689bb9e444",
    "https://deno.land/x/docopt@v1.0.7/src/docopt.ts": "8c760730201453e3ed24937ddf8751868177cc5dec89472aef90b675d6b40efe",
    "https://deno.land/x/docopt@v1.0.7/src/error.ts": "d0cf90ea605653efc9f543f5dbff85d32dd4eab5b0c8cb6a8873fbc2fe12b357",
    "https://deno.land/x/docopt@v1.0.7/src/interoperability.ts": "6353ecfea6c1374710e1e939419897dbb230eb9abd3ff3a9a057d06e46229c08",
    "https://deno.land/x/docopt@v1.0.7/src/parse.ts": "ef9402318c2ed88ce543335b394adc8d3ca9e5dbe336c1c2a9ac4b70adc56c83",
    "https://deno.land/x/docopt@v1.0.7/src/pattern.ts": "281be05c8613b3c4015c50e638c3502e311949a3e88d94d78cacda6b175f52f6",
    "https://deno.land/x/docopt@v1.0.7/src/token.ts": "fd680a204af72e99361598bdb36ba78cad1f5ac3e9acf70ff13f883c19ad97b7",
    "https://deno.land/x/docopt@v1.0.7/src/utils.ts": "52c2a03c68a0ecfe70146e1183ae55bac632dbaf094cf13efdcf2deb178c507d",
    "https://raw.githubusercontent.com/KosRud/MadCakeUtil-ts/8ca35e69632a54db70f1519a2d9e800e486cec05/StrictEventTarget.ts": "b21b4160f90c826fcaa8b6ce391e943c6c16d931b281413adf3f63a85642a17a",
    "https://raw.githubusercontent.com/KosRud/MadCakeUtil-ts/8ca35e69632a54db70f1519a2d9e800e486cec05/mod.ts": "1efb3da6956cfd1820c5044533a3879c72e21a0d481794c216797bfd011a5944",
    "https://raw.githubusercontent.com/KosRud/MadCakeUtil-ts/8ca35e69632a54db70f1519a2d9e800e486cec05/src/Array.ts": "480dfe13d79227d182f3d18d348530b05cce6f6d7c6fc639b23322d17933f5e8",
    "https://raw.githubusercontent.com/KosRud/MadCakeUtil-ts/8ca35e69632a54db70f1519a2d9e800e486cec05/tsUtil.ts": "34a680e6da57992ebb81e773000581fd672986b12e7c3cb480f387c36b248539",
    "https://raw.githubusercontent.com/KosRud/MadCakeUtil-ts/8ca35e69632a54db70f1519a2d9e800e486cec05/useDefer.ts": "ac6744c985b4ca6c30d68895e61ea29ce8c838bfe5b4a7ef2d56f94442ec2d02"
  },
  "workspace": {
    "packageJson": {
      "dependencies": [
        "npm:docopt@~0.6.2"
      ]
    }
  }
}
